
Microsoft Visual Studio Solution File, Format Version 12.00
# Visual Studio Version 17
VisualStudioVersion = 17.5.33424.131
MinimumVisualStudioVersion = 10.0.40219.1
Project("{FAE04EC0-301F-11D3-BF4B-00C04F79EFBC}") = "MyWordNotify", "MyWordNotify.csproj", "{806E44B7-8943-4F23-BB23-40A8ABA1152E}"
EndProject
Global
	GlobalSection(SolutionConfigurationPlatforms) = preSolution
		Debug|Any CPU = Debug|Any CPU
		Release|Any CPU = Release|Any CPU
	EndGlobalSection
	GlobalSection(ProjectConfigurationPlatforms) = postSolution
		{806E44B7-8943-4F23-BB23-40A8ABA1152E}.Debug|Any CPU.ActiveCfg = Debug|Any CPU
		{806E44B7-8943-4F23-BB23-40A8ABA1152E}.Debug|Any CPU.Build.0 = Debug|Any CPU
		{806E44B7-8943-4F23-BB23-40A8ABA1152E}.Release|Any CPU.ActiveCfg = Release|Any CPU
		{806E44B7-8943-4F23-BB23-40A8ABA1152E}.Release|Any CPU.Build.0 = Release|Any CPU
	EndGlobalSection
	GlobalSection(SolutionProperties) = preSolution
		HideSolutionNode = FALSE
	EndGlobalSection
	GlobalSection(ExtensibilityGlobals) = postSolution
		SolutionGuid = {69A1C220-028A-4355-B4B1-378EC9A34281}
	EndGlobalSection
EndGlobal
